// !$*UTF8*$!
{
	archiveVersion = 1;
	classes = {
	};
	objectVersion = 56;
	objects = {

/* Begin PBXBuildFile section */
		AB181F9A2AD0547700EC70DF /* RemoteViewController.swift in Sources */ = {isa = PBXBuildFile; fileRef = AB181F992AD0547700EC70DF /* RemoteViewController.swift */; };
		AB39BF9E2ACE7B2800BFE1C7 /* AppDelegate.swift in Sources */ = {isa = PBXBuildFile; fileRef = AB39BF9D2ACE7B2800BFE1C7 /* AppDelegate.swift */; };
		AB39BFA02ACE7B2800BFE1C7 /* SceneDelegate.swift in Sources */ = {isa = PBXBuildFile; fileRef = AB39BF9F2ACE7B2800BFE1C7 /* SceneDelegate.swift */; };
		AB39BFA22ACE7B2800BFE1C7 /* PeerListViewController.swift in Sources */ = {isa = PBXBuildFile; fileRef = AB39BFA12ACE7B2800BFE1C7 /* PeerListViewController.swift */; };
		AB39BFA52ACE7B2800BFE1C7 /* Main.storyboard in Resources */ = {isa = PBXBuildFile; fileRef = AB39BFA32ACE7B2800BFE1C7 /* Main.storyboard */; };
		AB39BFA72ACE7B2800BFE1C7 /* Assets.xcassets in Resources */ = {isa = PBXBuildFile; fileRef = AB39BFA62ACE7B2800BFE1C7 /* Assets.xcassets */; };
		AB39BFAA2ACE7B2800BFE1C7 /* LaunchScreen.storyboard in Resources */ = {isa = PBXBuildFile; fileRef = AB39BFA82ACE7B2800BFE1C7 /* LaunchScreen.storyboard */; };
		AB39BFB72ACE7CF900BFE1C7 /* Constants.swift in Sources */ = {isa = PBXBuildFile; fileRef = AB39BFB62ACE7CF900BFE1C7 /* Constants.swift */; };
		AB39BFB92ACE818800BFE1C7 /* PeerBrowser.swift in Sources */ = {isa = PBXBuildFile; fileRef = AB39BFB82ACE818800BFE1C7 /* PeerBrowser.swift */; };
		AB39BFBB2ACE88A100BFE1C7 /* PeerConnection.swift in Sources */ = {isa = PBXBuildFile; fileRef = AB39BFBA2ACE88A100BFE1C7 /* PeerConnection.swift */; };
		AB39BFBD2ACE88E500BFE1C7 /* PeerMessageProtocol.swift in Sources */ = {isa = PBXBuildFile; fileRef = AB39BFBC2ACE88E500BFE1C7 /* PeerMessageProtocol.swift */; };
		AB39BFBF2ACE953300BFE1C7 /* PeerListener.swift in Sources */ = {isa = PBXBuildFile; fileRef = AB39BFBE2ACE953300BFE1C7 /* PeerListener.swift */; };
		AB4FB72B2AD58D5F00B609CD /* RoleChooserViewController.swift in Sources */ = {isa = PBXBuildFile; fileRef = AB4FB72A2AD58D5F00B609CD /* RoleChooserViewController.swift */; };
		AB630A832AD963E600DCA11F /* TemporaryMediaFile.swift in Sources */ = {isa = PBXBuildFile; fileRef = AB630A822AD963E600DCA11F /* TemporaryMediaFile.swift */; };
		AB630A852AD9692A00DCA11F /* NWProtocolFramer.Message+Extension.swift in Sources */ = {isa = PBXBuildFile; fileRef = AB630A842AD9692A00DCA11F /* NWProtocolFramer.Message+Extension.swift */; };
		AB630A872AD96A9D00DCA11F /* PeerMessageType.swift in Sources */ = {isa = PBXBuildFile; fileRef = AB630A862AD96A9D00DCA11F /* PeerMessageType.swift */; };
		AB8AA97F2AD63A8700AE1F40 /* PeerMessageHeader.swift in Sources */ = {isa = PBXBuildFile; fileRef = AB8AA97E2AD63A8700AE1F40 /* PeerMessageHeader.swift */; };
		AB8AA9822AD66D1100AE1F40 /* NWParameters+Extension.swift in Sources */ = {isa = PBXBuildFile; fileRef = AB8AA9812AD66D1100AE1F40 /* NWParameters+Extension.swift */; };
		AB8AA9842AD6BF6F00AE1F40 /* data-example.mov in Resources */ = {isa = PBXBuildFile; fileRef = AB8AA9832AD6BF6F00AE1F40 /* data-example.mov */; };
		AB8AA9862AD6CB6800AE1F40 /* Data+Extension.swift in Sources */ = {isa = PBXBuildFile; fileRef = AB8AA9852AD6CB6800AE1F40 /* Data+Extension.swift */; };
/* End PBXBuildFile section */

/* Begin PBXFileReference section */
		AB181F992AD0547700EC70DF /* RemoteViewController.swift */ = {isa = PBXFileReference; lastKnownFileType = sourcecode.swift; path = RemoteViewController.swift; sourceTree = "<group>"; };
		AB39BF9A2ACE7B2800BFE1C7 /* P2P-Network-Example.app */ = {isa = PBXFileReference; explicitFileType = wrapper.application; includeInIndex = 0; path = "P2P-Network-Example.app"; sourceTree = BUILT_PRODUCTS_DIR; };
		AB39BF9D2ACE7B2800BFE1C7 /* AppDelegate.swift */ = {isa = PBXFileReference; lastKnownFileType = sourcecode.swift; path = AppDelegate.swift; sourceTree = "<group>"; };
		AB39BF9F2ACE7B2800BFE1C7 /* SceneDelegate.swift */ = {isa = PBXFileReference; lastKnownFileType = sourcecode.swift; path = SceneDelegate.swift; sourceTree = "<group>"; };
		AB39BFA12ACE7B2800BFE1C7 /* PeerListViewController.swift */ = {isa = PBXFileReference; lastKnownFileType = sourcecode.swift; path = PeerListViewController.swift; sourceTree = "<group>"; };
		AB39BFA42ACE7B2800BFE1C7 /* Base */ = {isa = PBXFileReference; lastKnownFileType = file.storyboard; name = Base; path = Base.lproj/Main.storyboard; sourceTree = "<group>"; };
		AB39BFA62ACE7B2800BFE1C7 /* Assets.xcassets */ = {isa = PBXFileReference; lastKnownFileType = folder.assetcatalog; path = Assets.xcassets; sourceTree = "<group>"; };
		AB39BFA92ACE7B2800BFE1C7 /* Base */ = {isa = PBXFileReference; lastKnownFileType = file.storyboard; name = Base; path = Base.lproj/LaunchScreen.storyboard; sourceTree = "<group>"; };
		AB39BFAB2ACE7B2800BFE1C7 /* Info.plist */ = {isa = PBXFileReference; lastKnownFileType = text.plist.xml; path = Info.plist; sourceTree = "<group>"; };
		AB39BFB62ACE7CF900BFE1C7 /* Constants.swift */ = {isa = PBXFileReference; lastKnownFileType = sourcecode.swift; path = Constants.swift; sourceTree = "<group>"; };
		AB39BFB82ACE818800BFE1C7 /* PeerBrowser.swift */ = {isa = PBXFileReference; lastKnownFileType = sourcecode.swift; path = PeerBrowser.swift; sourceTree = "<group>"; };
		AB39BFBA2ACE88A100BFE1C7 /* PeerConnection.swift */ = {isa = PBXFileReference; lastKnownFileType = sourcecode.swift; path = PeerConnection.swift; sourceTree = "<group>"; };
		AB39BFBC2ACE88E500BFE1C7 /* PeerMessageProtocol.swift */ = {isa = PBXFileReference; lastKnownFileType = sourcecode.swift; path = PeerMessageProtocol.swift; sourceTree = "<group>"; };
		AB39BFBE2ACE953300BFE1C7 /* PeerListener.swift */ = {isa = PBXFileReference; lastKnownFileType = sourcecode.swift; path = PeerListener.swift; sourceTree = "<group>"; };
		AB4FB72A2AD58D5F00B609CD /* RoleChooserViewController.swift */ = {isa = PBXFileReference; lastKnownFileType = sourcecode.swift; path = RoleChooserViewController.swift; sourceTree = "<group>"; };
		AB630A822AD963E600DCA11F /* TemporaryMediaFile.swift */ = {isa = PBXFileReference; lastKnownFileType = sourcecode.swift; path = TemporaryMediaFile.swift; sourceTree = "<group>"; };
		AB630A842AD9692A00DCA11F /* NWProtocolFramer.Message+Extension.swift */ = {isa = PBXFileReference; lastKnownFileType = sourcecode.swift; path = "NWProtocolFramer.Message+Extension.swift"; sourceTree = "<group>"; };
		AB630A862AD96A9D00DCA11F /* PeerMessageType.swift */ = {isa = PBXFileReference; lastKnownFileType = sourcecode.swift; path = PeerMessageType.swift; sourceTree = "<group>"; };
		AB8AA97E2AD63A8700AE1F40 /* PeerMessageHeader.swift */ = {isa = PBXFileReference; lastKnownFileType = sourcecode.swift; path = PeerMessageHeader.swift; sourceTree = "<group>"; };
		AB8AA9812AD66D1100AE1F40 /* NWParameters+Extension.swift */ = {isa = PBXFileReference; lastKnownFileType = sourcecode.swift; path = "NWParameters+Extension.swift"; sourceTree = "<group>"; };
		AB8AA9832AD6BF6F00AE1F40 /* data-example.mov */ = {isa = PBXFileReference; lastKnownFileType = video.quicktime; path = "data-example.mov"; sourceTree = "<group>"; };
		AB8AA9852AD6CB6800AE1F40 /* Data+Extension.swift */ = {isa = PBXFileReference; lastKnownFileType = sourcecode.swift; path = "Data+Extension.swift"; sourceTree = "<group>"; };
/* End PBXFileReference section */

/* Begin PBXFrameworksBuildPhase section */
		AB39BF972ACE7B2800BFE1C7 /* Frameworks */ = {
			isa = PBXFrameworksBuildPhase;
			buildActionMask = 2147483647;
			files = (
			);
			runOnlyForDeploymentPostprocessing = 0;
		};
/* End PBXFrameworksBuildPhase section */

/* Begin PBXGroup section */
		AB39BF912ACE7B2700BFE1C7 = {
			isa = PBXGroup;
			children = (
				AB39BF9C2ACE7B2800BFE1C7 /* P2P-Network-Example */,
				AB39BF9B2ACE7B2800BFE1C7 /* Products */,
			);
			sourceTree = "<group>";
		};
		AB39BF9B2ACE7B2800BFE1C7 /* Products */ = {
			isa = PBXGroup;
			children = (
				AB39BF9A2ACE7B2800BFE1C7 /* P2P-Network-Example.app */,
			);
			name = Products;
			sourceTree = "<group>";
		};
		AB39BF9C2ACE7B2800BFE1C7 /* P2P-Network-Example */ = {
			isa = PBXGroup;
			children = (
				AB39BFB52ACE7CAE00BFE1C7 /* Utilities */,
				AB39BFB42ACE7CA900BFE1C7 /* Models */,
				AB39BFB22ACE7C9200BFE1C7 /* Life Cycle */,
				AB39BFB32ACE7C9700BFE1C7 /* Scenes */,
				AB39BFA32ACE7B2800BFE1C7 /* Main.storyboard */,
				AB39BFA62ACE7B2800BFE1C7 /* Assets.xcassets */,
				AB39BFA82ACE7B2800BFE1C7 /* LaunchScreen.storyboard */,
				AB39BFAB2ACE7B2800BFE1C7 /* Info.plist */,
				AB8AA9832AD6BF6F00AE1F40 /* data-example.mov */,
			);
			path = "P2P-Network-Example";
			sourceTree = "<group>";
		};
		AB39BFB12ACE7C8A00BFE1C7 /* Network */ = {
			isa = PBXGroup;
			children = (
				AB39BFB82ACE818800BFE1C7 /* PeerBrowser.swift */,
				AB39BFBA2ACE88A100BFE1C7 /* PeerConnection.swift */,
				AB39BFBE2ACE953300BFE1C7 /* PeerListener.swift */,
				AB39BFBC2ACE88E500BFE1C7 /* PeerMessageProtocol.swift */,
				AB8AA97E2AD63A8700AE1F40 /* PeerMessageHeader.swift */,
				AB630A862AD96A9D00DCA11F /* PeerMessageType.swift */,
			);
			path = Network;
			sourceTree = "<group>";
		};
		AB39BFB22ACE7C9200BFE1C7 /* Life Cycle */ = {
			isa = PBXGroup;
			children = (
				AB39BF9D2ACE7B2800BFE1C7 /* AppDelegate.swift */,
				AB39BF9F2ACE7B2800BFE1C7 /* SceneDelegate.swift */,
			);
			path = "Life Cycle";
			sourceTree = "<group>";
		};
		AB39BFB32ACE7C9700BFE1C7 /* Scenes */ = {
			isa = PBXGroup;
			children = (
				AB4FB72A2AD58D5F00B609CD /* RoleChooserViewController.swift */,
				AB39BFA12ACE7B2800BFE1C7 /* PeerListViewController.swift */,
				AB181F992AD0547700EC70DF /* RemoteViewController.swift */,
			);
			path = Scenes;
			sourceTree = "<group>";
		};
		AB39BFB42ACE7CA900BFE1C7 /* Models */ = {
			isa = PBXGroup;
			children = (
				AB630A822AD963E600DCA11F /* TemporaryMediaFile.swift */,
			);
			path = Models;
			sourceTree = "<group>";
		};
		AB39BFB52ACE7CAE00BFE1C7 /* Utilities */ = {
			isa = PBXGroup;
			children = (
				AB8AA9802AD66CF600AE1F40 /* Extension */,
				AB39BFB12ACE7C8A00BFE1C7 /* Network */,
				AB39BFB62ACE7CF900BFE1C7 /* Constants.swift */,
			);
			path = Utilities;
			sourceTree = "<group>";
		};
		AB8AA9802AD66CF600AE1F40 /* Extension */ = {
			isa = PBXGroup;
			children = (
				AB8AA9812AD66D1100AE1F40 /* NWParameters+Extension.swift */,
				AB630A842AD9692A00DCA11F /* NWProtocolFramer.Message+Extension.swift */,
				AB8AA9852AD6CB6800AE1F40 /* Data+Extension.swift */,
			);
			path = Extension;
			sourceTree = "<group>";
		};
/* End PBXGroup section */

/* Begin PBXNativeTarget section */
		AB39BF992ACE7B2800BFE1C7 /* P2P-Network-Example */ = {
			isa = PBXNativeTarget;
			buildConfigurationList = AB39BFAE2ACE7B2800BFE1C7 /* Build configuration list for PBXNativeTarget "P2P-Network-Example" */;
			buildPhases = (
				AB39BF962ACE7B2800BFE1C7 /* Sources */,
				AB39BF972ACE7B2800BFE1C7 /* Frameworks */,
				AB39BF982ACE7B2800BFE1C7 /* Resources */,
			);
			buildRules = (
			);
			dependencies = (
			);
			name = "P2P-Network-Example";
			productName = "P2P-Network-Example";
			productReference = AB39BF9A2ACE7B2800BFE1C7 /* P2P-Network-Example.app */;
			productType = "com.apple.product-type.application";
		};
/* End PBXNativeTarget section */

/* Begin PBXProject section */
		AB39BF922ACE7B2700BFE1C7 /* Project object */ = {
			isa = PBXProject;
			attributes = {
				BuildIndependentTargetsInParallel = 1;
				LastSwiftUpdateCheck = 1500;
				LastUpgradeCheck = 1500;
				TargetAttributes = {
					AB39BF992ACE7B2800BFE1C7 = {
						CreatedOnToolsVersion = 15.0;
					};
				};
			};
			buildConfigurationList = AB39BF952ACE7B2700BFE1C7 /* Build configuration list for PBXProject "P2P-Network-Example" */;
			compatibilityVersion = "Xcode 14.0";
			developmentRegion = en;
			hasScannedForEncodings = 0;
			knownRegions = (
				en,
				Base,
			);
			mainGroup = AB39BF912ACE7B2700BFE1C7;
			productRefGroup = AB39BF9B2ACE7B2800BFE1C7 /* Products */;
			projectDirPath = "";
			projectRoot = "";
			targets = (
				AB39BF992ACE7B2800BFE1C7 /* P2P-Network-Example */,
			);
		};
/* End PBXProject section */

/* Begin PBXResourcesBuildPhase section */
		AB39BF982ACE7B2800BFE1C7 /* Resources */ = {
			isa = PBXResourcesBuildPhase;
			buildActionMask = 2147483647;
			files = (
				AB8AA9842AD6BF6F00AE1F40 /* data-example.mov in Resources */,
				AB39BFAA2ACE7B2800BFE1C7 /* LaunchScreen.storyboard in Resources */,
				AB39BFA72ACE7B2800BFE1C7 /* Assets.xcassets in Resources */,
				AB39BFA52ACE7B2800BFE1C7 /* Main.storyboard in Resources */,
			);
			runOnlyForDeploymentPostprocessing = 0;
		};
/* End PBXResourcesBuildPhase section */

/* Begin PBXSourcesBuildPhase section */
		AB39BF962ACE7B2800BFE1C7 /* Sources */ = {
			isa = PBXSourcesBuildPhase;
			buildActionMask = 2147483647;
			files = (
				AB8AA9862AD6CB6800AE1F40 /* Data+Extension.swift in Sources */,
				AB8AA9822AD66D1100AE1F40 /* NWParameters+Extension.swift in Sources */,
				AB39BFA22ACE7B2800BFE1C7 /* PeerListViewController.swift in Sources */,
				AB630A872AD96A9D00DCA11F /* PeerMessageType.swift in Sources */,
				AB181F9A2AD0547700EC70DF /* RemoteViewController.swift in Sources */,
				AB39BF9E2ACE7B2800BFE1C7 /* AppDelegate.swift in Sources */,
				AB8AA97F2AD63A8700AE1F40 /* PeerMessageHeader.swift in Sources */,
				AB630A832AD963E600DCA11F /* TemporaryMediaFile.swift in Sources */,
				AB39BFA02ACE7B2800BFE1C7 /* SceneDelegate.swift in Sources */,
				AB4FB72B2AD58D5F00B609CD /* RoleChooserViewController.swift in Sources */,
				AB39BFBB2ACE88A100BFE1C7 /* PeerConnection.swift in Sources */,
				AB39BFBD2ACE88E500BFE1C7 /* PeerMessageProtocol.swift in Sources */,
				AB630A852AD9692A00DCA11F /* NWProtocolFramer.Message+Extension.swift in Sources */,
				AB39BFB92ACE818800BFE1C7 /* PeerBrowser.swift in Sources */,
				AB39BFB72ACE7CF900BFE1C7 /* Constants.swift in Sources */,
				AB39BFBF2ACE953300BFE1C7 /* PeerListener.swift in Sources */,
			);
			runOnlyForDeploymentPostprocessing = 0;
		};
/* End PBXSourcesBuildPhase section */

/* Begin PBXVariantGroup section */
		AB39BFA32ACE7B2800BFE1C7 /* Main.storyboard */ = {
			isa = PBXVariantGroup;
			children = (
				AB39BFA42ACE7B2800BFE1C7 /* Base */,
			);
			name = Main.storyboard;
			sourceTree = "<group>";
		};
		AB39BFA82ACE7B2800BFE1C7 /* LaunchScreen.storyboard */ = {
			isa = PBXVariantGroup;
			children = (
				AB39BFA92ACE7B2800BFE1C7 /* Base */,
			);
			name = LaunchScreen.storyboard;
			sourceTree = "<group>";
		};
/* End PBXVariantGroup section */

/* Begin XCBuildConfiguration section */
		AB39BFAC2ACE7B2800BFE1C7 /* Debug */ = {
			isa = XCBuildConfiguration;
			buildSettings = {
				ALWAYS_SEARCH_USER_PATHS = NO;
				ASSETCATALOG_COMPILER_GENERATE_SWIFT_ASSET_SYMBOL_EXTENSIONS = YES;
				CLANG_ANALYZER_NONNULL = YES;
				CLANG_ANALYZER_NUMBER_OBJECT_CONVERSION = YES_AGGRESSIVE;
				CLANG_CXX_LANGUAGE_STANDARD = "gnu++20";
				CLANG_ENABLE_MODULES = YES;
				CLANG_ENABLE_OBJC_ARC = YES;
				CLANG_ENABLE_OBJC_WEAK = YES;
				CLANG_WARN_BLOCK_CAPTURE_AUTORELEASING = YES;
				CLANG_WARN_BOOL_CONVERSION = YES;
				CLANG_WARN_COMMA = YES;
				CLANG_WARN_CONSTANT_CONVERSION = YES;
				CLANG_WARN_DEPRECATED_OBJC_IMPLEMENTATIONS = YES;
				CLANG_WARN_DIRECT_OBJC_ISA_USAGE = YES_ERROR;
				CLANG_WARN_DOCUMENTATION_COMMENTS = YES;
				CLANG_WARN_EMPTY_BODY = YES;
				CLANG_WARN_ENUM_CONVERSION = YES;
				CLANG_WARN_INFINITE_RECURSION = YES;
				CLANG_WARN_INT_CONVERSION = YES;
				CLANG_WARN_NON_LITERAL_NULL_CONVERSION = YES;
				CLANG_WARN_OBJC_IMPLICIT_RETAIN_SELF = YES;
				CLANG_WARN_OBJC_LITERAL_CONVERSION = YES;
				CLANG_WARN_OBJC_ROOT_CLASS = YES_ERROR;
				CLANG_WARN_QUOTED_INCLUDE_IN_FRAMEWORK_HEADER = YES;
				CLANG_WARN_RANGE_LOOP_ANALYSIS = YES;
				CLANG_WARN_STRICT_PROTOTYPES = YES;
				CLANG_WARN_SUSPICIOUS_MOVE = YES;
				CLANG_WARN_UNGUARDED_AVAILABILITY = YES_AGGRESSIVE;
				CLANG_WARN_UNREACHABLE_CODE = YES;
				CLANG_WARN__DUPLICATE_METHOD_MATCH = YES;
				COPY_PHASE_STRIP = NO;
				DEBUG_INFORMATION_FORMAT = dwarf;
				ENABLE_STRICT_OBJC_MSGSEND = YES;
				ENABLE_TESTABILITY = YES;
				ENABLE_USER_SCRIPT_SANDBOXING = YES;
				GCC_C_LANGUAGE_STANDARD = gnu17;
				GCC_DYNAMIC_NO_PIC = NO;
				GCC_NO_COMMON_BLOCKS = YES;
				GCC_OPTIMIZATION_LEVEL = 0;
				GCC_PREPROCESSOR_DEFINITIONS = (
					"DEBUG=1",
					"$(inherited)",
				);
				GCC_WARN_64_TO_32_BIT_CONVERSION = YES;
				GCC_WARN_ABOUT_RETURN_TYPE = YES_ERROR;
				GCC_WARN_UNDECLARED_SELECTOR = YES;
				GCC_WARN_UNINITIALIZED_AUTOS = YES_AGGRESSIVE;
				GCC_WARN_UNUSED_FUNCTION = YES;
				GCC_WARN_UNUSED_VARIABLE = YES;
				IPHONEOS_DEPLOYMENT_TARGET = 17.0;
				LOCALIZATION_PREFERS_STRING_CATALOGS = YES;
				MTL_ENABLE_DEBUG_INFO = INCLUDE_SOURCE;
				MTL_FAST_MATH = YES;
				ONLY_ACTIVE_ARCH = YES;
				SDKROOT = iphoneos;
				SWIFT_ACTIVE_COMPILATION_CONDITIONS = "DEBUG $(inherited)";
				SWIFT_OPTIMIZATION_LEVEL = "-Onone";
			};
			name = Debug;
		};
		AB39BFAD2ACE7B2800BFE1C7 /* Release */ = {
			isa = XCBuildConfiguration;
			buildSettings = {
				ALWAYS_SEARCH_USER_PATHS = NO;
				ASSETCATALOG_COMPILER_GENERATE_SWIFT_ASSET_SYMBOL_EXTENSIONS = YES;
				CLANG_ANALYZER_NONNULL = YES;
				CLANG_ANALYZER_NUMBER_OBJECT_CONVERSION = YES_AGGRESSIVE;
				CLANG_CXX_LANGUAGE_STANDARD = "gnu++20";
				CLANG_ENABLE_MODULES = YES;
				CLANG_ENABLE_OBJC_ARC = YES;
				CLANG_ENABLE_OBJC_WEAK = YES;
				CLANG_WARN_BLOCK_CAPTURE_AUTORELEASING = YES;
				CLANG_WARN_BOOL_CONVERSION = YES;
				CLANG_WARN_COMMA = YES;
				CLANG_WARN_CONSTANT_CONVERSION = YES;
				CLANG_WARN_DEPRECATED_OBJC_IMPLEMENTATIONS = YES;
				CLANG_WARN_DIRECT_OBJC_ISA_USAGE = YES_ERROR;
				CLANG_WARN_DOCUMENTATION_COMMENTS = YES;
				CLANG_WARN_EMPTY_BODY = YES;
				CLANG_WARN_ENUM_CONVERSION = YES;
				CLANG_WARN_INFINITE_RECURSION = YES;
				CLANG_WARN_INT_CONVERSION = YES;
				CLANG_WARN_NON_LITERAL_NULL_CONVERSION = YES;
				CLANG_WARN_OBJC_IMPLICIT_RETAIN_SELF = YES;
				CLANG_WARN_OBJC_LITERAL_CONVERSION = YES;
				CLANG_WARN_OBJC_ROOT_CLASS = YES_ERROR;
				CLANG_WARN_QUOTED_INCLUDE_IN_FRAMEWORK_HEADER = YES;
				CLANG_WARN_RANGE_LOOP_ANALYSIS = YES;
				CLANG_WARN_STRICT_PROTOTYPES = YES;
				CLANG_WARN_SUSPICIOUS_MOVE = YES;
				CLANG_WARN_UNGUARDED_AVAILABILITY = YES_AGGRESSIVE;
				CLANG_WARN_UNREACHABLE_CODE = YES;
				CLANG_WARN__DUPLICATE_METHOD_MATCH = YES;
				COPY_PHASE_STRIP = NO;
				DEBUG_INFORMATION_FORMAT = "dwarf-with-dsym";
				ENABLE_NS_ASSERTIONS = NO;
				ENABLE_STRICT_OBJC_MSGSEND = YES;
				ENABLE_USER_SCRIPT_SANDBOXING = YES;
				GCC_C_LANGUAGE_STANDARD = gnu17;
				GCC_NO_COMMON_BLOCKS = YES;
				GCC_WARN_64_TO_32_BIT_CONVERSION = YES;
				GCC_WARN_ABOUT_RETURN_TYPE = YES_ERROR;
				GCC_WARN_UNDECLARED_SELECTOR = YES;
				GCC_WARN_UNINITIALIZED_AUTOS = YES_AGGRESSIVE;
				GCC_WARN_UNUSED_FUNCTION = YES;
				GCC_WARN_UNUSED_VARIABLE = YES;
				IPHONEOS_DEPLOYMENT_TARGET = 17.0;
				LOCALIZATION_PREFERS_STRING_CATALOGS = YES;
				MTL_ENABLE_DEBUG_INFO = NO;
				MTL_FAST_MATH = YES;
				SDKROOT = iphoneos;
				SWIFT_COMPILATION_MODE = wholemodule;
				VALIDATE_PRODUCT = YES;
			};
			name = Release;
		};
		AB39BFAF2ACE7B2800BFE1C7 /* Debug */ = {
			isa = XCBuildConfiguration;
			buildSettings = {
				ASSETCATALOG_COMPILER_APPICON_NAME = AppIcon;
				ASSETCATALOG_COMPILER_GLOBAL_ACCENT_COLOR_NAME = AccentColor;
				CODE_SIGN_STYLE = Automatic;
				CURRENT_PROJECT_VERSION = 1;
				DEVELOPMENT_TEAM = 6J2XDDYT2W;
				GENERATE_INFOPLIST_FILE = YES;
				INFOPLIST_FILE = "P2P-Network-Example/Info.plist";
				INFOPLIST_KEY_UIApplicationSupportsIndirectInputEvents = YES;
				INFOPLIST_KEY_UILaunchStoryboardName = LaunchScreen;
				INFOPLIST_KEY_UISupportedInterfaceOrientations_iPad = "UIInterfaceOrientationPortrait UIInterfaceOrientationPortraitUpsideDown UIInterfaceOrientationLandscapeLeft UIInterfaceOrientationLandscapeRight";
				INFOPLIST_KEY_UISupportedInterfaceOrientations_iPhone = "UIInterfaceOrientationPortrait UIInterfaceOrientationLandscapeLeft UIInterfaceOrientationLandscapeRight";
				IPHONEOS_DEPLOYMENT_TARGET = 16.0;
				LD_RUNPATH_SEARCH_PATHS = (
					"$(inherited)",
					"@executable_path/Frameworks",
				);
				MARKETING_VERSION = 1.0;
				PRODUCT_BUNDLE_IDENTIFIER = "com.cleanrun.P2P-Network-Example";
				PRODUCT_NAME = "$(TARGET_NAME)";
				SWIFT_EMIT_LOC_STRINGS = YES;
				SWIFT_VERSION = 5.0;
				TARGETED_DEVICE_FAMILY = "1,2";
			};
			name = Debug;
		};
		AB39BFB02ACE7B2800BFE1C7 /* Release */ = {
			isa = XCBuildConfiguration;
			buildSettings = {
				ASSETCATALOG_COMPILER_APPICON_NAME = AppIcon;
				ASSETCATALOG_COMPILER_GLOBAL_ACCENT_COLOR_NAME = AccentColor;
				CODE_SIGN_STYLE = Automatic;
				CURRENT_PROJECT_VERSION = 1;
				DEVELOPMENT_TEAM = 6J2XDDYT2W;
				GENERATE_INFOPLIST_FILE = YES;
				INFOPLIST_FILE = "P2P-Network-Example/Info.plist";
				INFOPLIST_KEY_UIApplicationSupportsIndirectInputEvents = YES;
				INFOPLIST_KEY_UILaunchStoryboardName = LaunchScreen;
				INFOPLIST_KEY_UISupportedInterfaceOrientations_iPad = "UIInterfaceOrientationPortrait UIInterfaceOrientationPortraitUpsideDown UIInterfaceOrientationLandscapeLeft UIInterfaceOrientationLandscapeRight";
				INFOPLIST_KEY_UISupportedInterfaceOrientations_iPhone = "UIInterfaceOrientationPortrait UIInterfaceOrientationLandscapeLeft UIInterfaceOrientationLandscapeRight";
				IPHONEOS_DEPLOYMENT_TARGET = 16.0;
				LD_RUNPATH_SEARCH_PATHS = (
					"$(inherited)",
					"@executable_path/Frameworks",
				);
				MARKETING_VERSION = 1.0;
				PRODUCT_BUNDLE_IDENTIFIER = "com.cleanrun.P2P-Network-Example";
				PRODUCT_NAME = "$(TARGET_NAME)";
				SWIFT_EMIT_LOC_STRINGS = YES;
				SWIFT_VERSION = 5.0;
				TARGETED_DEVICE_FAMILY = "1,2";
			};
			name = Release;
		};
/* End XCBuildConfiguration section */

/* Begin XCConfigurationList section */
		AB39BF952ACE7B2700BFE1C7 /* Build configuration list for PBXProject "P2P-Network-Example" */ = {
			isa = XCConfigurationList;
			buildConfigurations = (
				AB39BFAC2ACE7B2800BFE1C7 /* Debug */,
				AB39BFAD2ACE7B2800BFE1C7 /* Release */,
			);
			defaultConfigurationIsVisible = 0;
			defaultConfigurationName = Release;
		};
		AB39BFAE2ACE7B2800BFE1C7 /* Build configuration list for PBXNativeTarget "P2P-Network-Example" */ = {
			isa = XCConfigurationList;
			buildConfigurations = (
				AB39BFAF2ACE7B2800BFE1C7 /* Debug */,
				AB39BFB02ACE7B2800BFE1C7 /* Release */,
			);
			defaultConfigurationIsVisible = 0;
			defaultConfigurationName = Release;
		};
/* End XCConfigurationList section */
	};
	rootObject = AB39BF922ACE7B2700BFE1C7 /* Project object */;
}
